// !$*UTF8*$!
{
	archiveVersion = 1;
	classes = {
	};
	objectVersion = 56;
	objects = {

/* Begin PBXBuildFile section */
		E00001 /* FlowApp.swift in Sources */ = {isa = PBXBuildFile; fileRef = E10001 /* FlowApp.swift */; };
		E00002 /* TokyoNightColors.swift in Sources */ = {isa = PBXBuildFile; fileRef = E10002 /* TokyoNightColors.swift */; };
		E00003 /* TerminalStyle.swift in Sources */ = {isa = PBXBuildFile; fileRef = E10003 /* TerminalStyle.swift */; };
		E00020 /* Theme.swift in Sources */ = {isa = PBXBuildFile; fileRef = E10020 /* Theme.swift */; };
		E00004 /* Routine.swift in Sources */ = {isa = PBXBuildFile; fileRef = E10004 /* Routine.swift */; };
		E00005 /* WorkoutSession.swift in Sources */ = {isa = PBXBuildFile; fileRef = E10005 /* WorkoutSession.swift */; };
		E00006 /* SetRating.swift in Sources */ = {isa = PBXBuildFile; fileRef = E10006 /* SetRating.swift */; };
		E00043 /* CompletedWorkout.swift in Sources */ = {isa = PBXBuildFile; fileRef = E10047 /* CompletedWorkout.swift */; };
		E00007 /* RoutineStore.swift in Sources */ = {isa = PBXBuildFile; fileRef = E10007 /* RoutineStore.swift */; };
		E00044 /* StrengthHistoryStore.swift in Sources */ = {isa = PBXBuildFile; fileRef = E10048 /* StrengthHistoryStore.swift */; };
		E00060 /* FlowCoachContext.swift in Sources */ = {isa = PBXBuildFile; fileRef = E10060 /* FlowCoachContext.swift */; };
		E00061 /* FlowRoutinePatch.swift in Sources */ = {isa = PBXBuildFile; fileRef = E10061 /* FlowRoutinePatch.swift */; };
		E00008 /* RoutineListView.swift in Sources */ = {isa = PBXBuildFile; fileRef = E10008 /* RoutineListView.swift */; };
		E00062 /* CoachWorkflowSheet.swift in Sources */ = {isa = PBXBuildFile; fileRef = E10062 /* CoachWorkflowSheet.swift */; };
		E00009 /* WorkoutFlowView.swift in Sources */ = {isa = PBXBuildFile; fileRef = E10009 /* WorkoutFlowView.swift */; };
		E00010 /* ExerciseCardView.swift in Sources */ = {isa = PBXBuildFile; fileRef = E10010 /* ExerciseCardView.swift */; };
		E00011 /* RestTimerView.swift in Sources */ = {isa = PBXBuildFile; fileRef = E10011 /* RestTimerView.swift */; };
		E00012 /* WorkoutSummaryView.swift in Sources */ = {isa = PBXBuildFile; fileRef = E10012 /* WorkoutSummaryView.swift */; };
		E00045 /* WorkoutHistoryView.swift in Sources */ = {isa = PBXBuildFile; fileRef = E10049 /* WorkoutHistoryView.swift */; };
		E00013 /* RoutineEditorView.swift in Sources */ = {isa = PBXBuildFile; fileRef = E10013 /* RoutineEditorView.swift */; };
		E00014 /* ExerciseEditorView.swift in Sources */ = {isa = PBXBuildFile; fileRef = E10014 /* ExerciseEditorView.swift */; };
		E00016 /* RoutineOverviewSheet.swift in Sources */ = {isa = PBXBuildFile; fileRef = E10016 /* RoutineOverviewSheet.swift */; };
		E00030 /* Run.swift in Sources */ = {isa = PBXBuildFile; fileRef = E10030 /* Run.swift */; };
		E00031 /* RunMetrics.swift in Sources */ = {isa = PBXBuildFile; fileRef = E10031 /* RunMetrics.swift */; };
		E00032 /* AppSettings.swift in Sources */ = {isa = PBXBuildFile; fileRef = E10032 /* AppSettings.swift */; };
		E00033 /* HealthKitService.swift in Sources */ = {isa = PBXBuildFile; fileRef = E10033 /* HealthKitService.swift */; };
		E00034 /* RouteCache.swift in Sources */ = {isa = PBXBuildFile; fileRef = E10034 /* RouteCache.swift */; };
		E00035 /* SyncCoordinator.swift in Sources */ = {isa = PBXBuildFile; fileRef = E10035 /* SyncCoordinator.swift */; };
		E00037 /* RoutePolylineThumbnailView.swift in Sources */ = {isa = PBXBuildFile; fileRef = E10037 /* RoutePolylineThumbnailView.swift */; };
		E00038 /* RunDetailView.swift in Sources */ = {isa = PBXBuildFile; fileRef = E10038 /* RunDetailView.swift */; };
		E00039 /* RunListView.swift in Sources */ = {isa = PBXBuildFile; fileRef = E10039 /* RunListView.swift */; };
		E00040 /* RunRowView.swift in Sources */ = {isa = PBXBuildFile; fileRef = E10040 /* RunRowView.swift */; };
		E00041 /* HealthSyncView.swift in Sources */ = {isa = PBXBuildFile; fileRef = E10041 /* HealthSyncView.swift */; };
		E00042 /* SparklineView.swift in Sources */ = {isa = PBXBuildFile; fileRef = E10042 /* SparklineView.swift */; };
		E00015 /* Assets.xcassets in Resources */ = {isa = PBXBuildFile; fileRef = E10015 /* Assets.xcassets */; };
		E00050 /* WorkoutSessionTests.swift in Sources */ = {isa = PBXBuildFile; fileRef = E10051 /* WorkoutSessionTests.swift */; };
		E00051 /* RoutineStoreTests.swift in Sources */ = {isa = PBXBuildFile; fileRef = E10052 /* RoutineStoreTests.swift */; };
		E00052 /* RunMetricsTests.swift in Sources */ = {isa = PBXBuildFile; fileRef = E10053 /* RunMetricsTests.swift */; };
		E00063 /* CoachWorkflowTests.swift in Sources */ = {isa = PBXBuildFile; fileRef = E10063 /* CoachWorkflowTests.swift */; };
/* End PBXBuildFile section */

/* Begin PBXContainerItemProxy section */
		E80050 /* PBXContainerItemProxy */ = {
			isa = PBXContainerItemProxy;
			containerPortal = E40099 /* Project object */;
			proxyType = 1;
			remoteGlobalIDString = E40001;
			remoteInfo = Flow;
		};
/* End PBXContainerItemProxy section */

/* Begin PBXFileReference section */
		E10001 /* FlowApp.swift */ = {isa = PBXFileReference; lastKnownFileType = sourcecode.swift; path = FlowApp.swift; sourceTree = "<group>"; };
		E10002 /* TokyoNightColors.swift */ = {isa = PBXFileReference; lastKnownFileType = sourcecode.swift; path = TokyoNightColors.swift; sourceTree = "<group>"; };
		E10003 /* TerminalStyle.swift */ = {isa = PBXFileReference; lastKnownFileType = sourcecode.swift; path = TerminalStyle.swift; sourceTree = "<group>"; };
		E10020 /* Theme.swift */ = {isa = PBXFileReference; lastKnownFileType = sourcecode.swift; path = Theme.swift; sourceTree = "<group>"; };
		E10004 /* Routine.swift */ = {isa = PBXFileReference; lastKnownFileType = sourcecode.swift; path = Routine.swift; sourceTree = "<group>"; };
		E10005 /* WorkoutSession.swift */ = {isa = PBXFileReference; lastKnownFileType = sourcecode.swift; path = WorkoutSession.swift; sourceTree = "<group>"; };
		E10006 /* SetRating.swift */ = {isa = PBXFileReference; lastKnownFileType = sourcecode.swift; path = SetRating.swift; sourceTree = "<group>"; };
		E10047 /* CompletedWorkout.swift */ = {isa = PBXFileReference; lastKnownFileType = sourcecode.swift; path = CompletedWorkout.swift; sourceTree = "<group>"; };
		E10007 /* RoutineStore.swift */ = {isa = PBXFileReference; lastKnownFileType = sourcecode.swift; path = RoutineStore.swift; sourceTree = "<group>"; };
		E10048 /* StrengthHistoryStore.swift */ = {isa = PBXFileReference; lastKnownFileType = sourcecode.swift; path = StrengthHistoryStore.swift; sourceTree = "<group>"; };
		E10060 /* FlowCoachContext.swift */ = {isa = PBXFileReference; lastKnownFileType = sourcecode.swift; path = FlowCoachContext.swift; sourceTree = "<group>"; };
		E10061 /* FlowRoutinePatch.swift */ = {isa = PBXFileReference; lastKnownFileType = sourcecode.swift; path = FlowRoutinePatch.swift; sourceTree = "<group>"; };
		E10008 /* RoutineListView.swift */ = {isa = PBXFileReference; lastKnownFileType = sourcecode.swift; path = RoutineListView.swift; sourceTree = "<group>"; };
		E10062 /* CoachWorkflowSheet.swift */ = {isa = PBXFileReference; lastKnownFileType = sourcecode.swift; path = CoachWorkflowSheet.swift; sourceTree = "<group>"; };
		E10009 /* WorkoutFlowView.swift */ = {isa = PBXFileReference; lastKnownFileType = sourcecode.swift; path = WorkoutFlowView.swift; sourceTree = "<group>"; };
		E10010 /* ExerciseCardView.swift */ = {isa = PBXFileReference; lastKnownFileType = sourcecode.swift; path = ExerciseCardView.swift; sourceTree = "<group>"; };
		E10011 /* RestTimerView.swift */ = {isa = PBXFileReference; lastKnownFileType = sourcecode.swift; path = RestTimerView.swift; sourceTree = "<group>"; };
		E10012 /* WorkoutSummaryView.swift */ = {isa = PBXFileReference; lastKnownFileType = sourcecode.swift; path = WorkoutSummaryView.swift; sourceTree = "<group>"; };
		E10049 /* WorkoutHistoryView.swift */ = {isa = PBXFileReference; lastKnownFileType = sourcecode.swift; path = WorkoutHistoryView.swift; sourceTree = "<group>"; };
		E10013 /* RoutineEditorView.swift */ = {isa = PBXFileReference; lastKnownFileType = sourcecode.swift; path = RoutineEditorView.swift; sourceTree = "<group>"; };
		E10014 /* ExerciseEditorView.swift */ = {isa = PBXFileReference; lastKnownFileType = sourcecode.swift; path = ExerciseEditorView.swift; sourceTree = "<group>"; };
		E10016 /* RoutineOverviewSheet.swift */ = {isa = PBXFileReference; lastKnownFileType = sourcecode.swift; path = RoutineOverviewSheet.swift; sourceTree = "<group>"; };
		E10030 /* Run.swift */ = {isa = PBXFileReference; lastKnownFileType = sourcecode.swift; path = Run.swift; sourceTree = "<group>"; };
		E10031 /* RunMetrics.swift */ = {isa = PBXFileReference; lastKnownFileType = sourcecode.swift; path = RunMetrics.swift; sourceTree = "<group>"; };
		E10032 /* AppSettings.swift */ = {isa = PBXFileReference; lastKnownFileType = sourcecode.swift; path = AppSettings.swift; sourceTree = "<group>"; };
		E10033 /* HealthKitService.swift */ = {isa = PBXFileReference; lastKnownFileType = sourcecode.swift; path = HealthKitService.swift; sourceTree = "<group>"; };
		E10034 /* RouteCache.swift */ = {isa = PBXFileReference; lastKnownFileType = sourcecode.swift; path = RouteCache.swift; sourceTree = "<group>"; };
		E10035 /* SyncCoordinator.swift */ = {isa = PBXFileReference; lastKnownFileType = sourcecode.swift; path = SyncCoordinator.swift; sourceTree = "<group>"; };
		E10037 /* RoutePolylineThumbnailView.swift */ = {isa = PBXFileReference; lastKnownFileType = sourcecode.swift; path = RoutePolylineThumbnailView.swift; sourceTree = "<group>"; };
		E10038 /* RunDetailView.swift */ = {isa = PBXFileReference; lastKnownFileType = sourcecode.swift; path = RunDetailView.swift; sourceTree = "<group>"; };
		E10039 /* RunListView.swift */ = {isa = PBXFileReference; lastKnownFileType = sourcecode.swift; path = RunListView.swift; sourceTree = "<group>"; };
		E10040 /* RunRowView.swift */ = {isa = PBXFileReference; lastKnownFileType = sourcecode.swift; path = RunRowView.swift; sourceTree = "<group>"; };
		E10041 /* HealthSyncView.swift */ = {isa = PBXFileReference; lastKnownFileType = sourcecode.swift; path = HealthSyncView.swift; sourceTree = "<group>"; };
		E10042 /* SparklineView.swift */ = {isa = PBXFileReference; lastKnownFileType = sourcecode.swift; path = SparklineView.swift; sourceTree = "<group>"; };
		E10043 /* Flow.entitlements */ = {isa = PBXFileReference; lastKnownFileType = text.plist.entitlements; path = Flow.entitlements; sourceTree = "<group>"; };
		E10015 /* Assets.xcassets */ = {isa = PBXFileReference; lastKnownFileType = folder.assetcatalog; path = Assets.xcassets; sourceTree = "<group>"; };
		E10099 /* Flow.app */ = {isa = PBXFileReference; explicitFileType = wrapper.application; includeInIndex = 0; path = Flow.app; sourceTree = BUILT_PRODUCTS_DIR; };
		E10050 /* FlowTests.xctest */ = {isa = PBXFileReference; explicitFileType = wrapper.cfbundle; includeInIndex = 0; path = FlowTests.xctest; sourceTree = BUILT_PRODUCTS_DIR; };
		E10051 /* WorkoutSessionTests.swift */ = {isa = PBXFileReference; lastKnownFileType = sourcecode.swift; path = WorkoutSessionTests.swift; sourceTree = "<group>"; };
		E10052 /* RoutineStoreTests.swift */ = {isa = PBXFileReference; lastKnownFileType = sourcecode.swift; path = RoutineStoreTests.swift; sourceTree = "<group>"; };
		E10053 /* RunMetricsTests.swift */ = {isa = PBXFileReference; lastKnownFileType = sourcecode.swift; path = RunMetricsTests.swift; sourceTree = "<group>"; };
		E10063 /* CoachWorkflowTests.swift */ = {isa = PBXFileReference; lastKnownFileType = sourcecode.swift; path = CoachWorkflowTests.swift; sourceTree = "<group>"; };
/* End PBXFileReference section */

/* Begin PBXFrameworksBuildPhase section */
		E30001 /* Frameworks */ = {
			isa = PBXFrameworksBuildPhase;
			buildActionMask = 2147483647;
			files = (
			);
			runOnlyForDeploymentPostprocessing = 0;
		};
		E30050 /* Frameworks */ = {
			isa = PBXFrameworksBuildPhase;
			buildActionMask = 2147483647;
			files = (
			);
			runOnlyForDeploymentPostprocessing = 0;
		};
/* End PBXFrameworksBuildPhase section */

/* Begin PBXGroup section */
		E20001 = {
			isa = PBXGroup;
			children = (
				E20002 /* Flow */,
				E20050 /* FlowTests */,
				E20099 /* Products */,
			);
			sourceTree = "<group>";
		};
		E20002 /* Flow */ = {
			isa = PBXGroup;
			children = (
				E10001 /* FlowApp.swift */,
				E20060 /* Coach */,
				E20003 /* Theme */,
				E20004 /* Models */,
				E20005 /* Storage */,
				E20006 /* Views */,
				E20030 /* Runs */,
				E10015 /* Assets.xcassets */,
				E10043 /* Flow.entitlements */,
			);
			path = Flow;
			sourceTree = "<group>";
		};
		E20003 /* Theme */ = {
			isa = PBXGroup;
			children = (
				E10002 /* TokyoNightColors.swift */,
				E10003 /* TerminalStyle.swift */,
				E10020 /* Theme.swift */,
			);
			path = Theme;
			sourceTree = "<group>";
		};
		E20004 /* Models */ = {
			isa = PBXGroup;
			children = (
				E10004 /* Routine.swift */,
				E10005 /* WorkoutSession.swift */,
				E10006 /* SetRating.swift */,
				E10047 /* CompletedWorkout.swift */,
			);
			path = Models;
			sourceTree = "<group>";
		};
		E20005 /* Storage */ = {
			isa = PBXGroup;
			children = (
				E10007 /* RoutineStore.swift */,
				E10048 /* StrengthHistoryStore.swift */,
			);
			path = Storage;
			sourceTree = "<group>";
		};
		E20060 /* Coach */ = {
			isa = PBXGroup;
			children = (
				E10060 /* FlowCoachContext.swift */,
				E10061 /* FlowRoutinePatch.swift */,
			);
			path = Coach;
			sourceTree = "<group>";
		};
		E20006 /* Views */ = {
			isa = PBXGroup;
			children = (
				E10008 /* RoutineListView.swift */,
				E20062 /* Coach */,
				E20007 /* Workout */,
				E20008 /* Editor */,
			);
			path = Views;
			sourceTree = "<group>";
		};
		E20062 /* Coach */ = {
			isa = PBXGroup;
			children = (
				E10062 /* CoachWorkflowSheet.swift */,
			);
			path = Coach;
			sourceTree = "<group>";
		};
		E20007 /* Workout */ = {
			isa = PBXGroup;
			children = (
				E10009 /* WorkoutFlowView.swift */,
				E10010 /* ExerciseCardView.swift */,
				E10011 /* RestTimerView.swift */,
				E10012 /* WorkoutSummaryView.swift */,
				E10049 /* WorkoutHistoryView.swift */,
				E10016 /* RoutineOverviewSheet.swift */,
			);
			path = Workout;
			sourceTree = "<group>";
		};
		E20008 /* Editor */ = {
			isa = PBXGroup;
			children = (
				E10013 /* RoutineEditorView.swift */,
				E10014 /* ExerciseEditorView.swift */,
			);
			path = Editor;
			sourceTree = "<group>";
		};
		E20030 /* Runs */ = {
			isa = PBXGroup;
			children = (
				E20031 /* Models */,
				E20032 /* Storage */,
				E20033 /* Views */,
			);
			path = Runs;
			sourceTree = "<group>";
		};
		E20031 /* Models */ = {
			isa = PBXGroup;
			children = (
				E10030 /* Run.swift */,
				E10031 /* RunMetrics.swift */,
			);
			path = Models;
			sourceTree = "<group>";
		};
		E20032 /* Storage */ = {
			isa = PBXGroup;
			children = (
				E10032 /* AppSettings.swift */,
				E10033 /* HealthKitService.swift */,
				E10034 /* RouteCache.swift */,
				E10035 /* SyncCoordinator.swift */,
			);
			path = Storage;
			sourceTree = "<group>";
		};
		E20033 /* Views */ = {
			isa = PBXGroup;
			children = (
				E10037 /* RoutePolylineThumbnailView.swift */,
				E10038 /* RunDetailView.swift */,
				E10039 /* RunListView.swift */,
				E10040 /* RunRowView.swift */,
				E10041 /* HealthSyncView.swift */,
				E10042 /* SparklineView.swift */,
			);
			path = Views;
			sourceTree = "<group>";
		};
		E20099 /* Products */ = {
			isa = PBXGroup;
			children = (
				E10099 /* Flow.app */,
				E10050 /* FlowTests.xctest */,
			);
			name = Products;
			sourceTree = "<group>";
		};
		E20050 /* FlowTests */ = {
			isa = PBXGroup;
			children = (
				E10051 /* WorkoutSessionTests.swift */,
				E10052 /* RoutineStoreTests.swift */,
				E10053 /* RunMetricsTests.swift */,
				E10063 /* CoachWorkflowTests.swift */,
			);
			path = FlowTests;
			sourceTree = "<group>";
		};
/* End PBXGroup section */

/* Begin PBXNativeTarget section */
		E40001 /* Flow */ = {
			isa = PBXNativeTarget;
			buildConfigurationList = E60002 /* Build configuration list for PBXNativeTarget "Flow" */;
			buildPhases = (
				E50001 /* Sources */,
				E30001 /* Frameworks */,
				E50002 /* Resources */,
			);
			buildRules = (
			);
			dependencies = (
			);
			name = Flow;
			productName = Flow;
			productReference = E10099 /* Flow.app */;
			productType = "com.apple.product-type.application";
		};
		E40050 /* FlowTests */ = {
			isa = PBXNativeTarget;
			buildConfigurationList = E60050 /* Build configuration list for PBXNativeTarget "FlowTests" */;
			buildPhases = (
				E50050 /* Sources */,
				E30050 /* Frameworks */,
				E50051 /* Resources */,
			);
			buildRules = (
			);
			dependencies = (
				E80051 /* PBXTargetDependency */,
			);
			name = FlowTests;
			productName = FlowTests;
			productReference = E10050 /* FlowTests.xctest */;
			productType = "com.apple.product-type.bundle.unit-test";
		};
/* End PBXNativeTarget section */

/* Begin PBXProject section */
		E40099 /* Project object */ = {
			isa = PBXProject;
			attributes = {
				BuildIndependentTargetsInParallel = 1;
				LastSwiftUpdateCheck = 1500;
				LastUpgradeCheck = 1500;
				TargetAttributes = {
					E40001 = {
						CreatedOnToolsVersion = 15.0;
					};
					E40050 = {
						CreatedOnToolsVersion = 15.0;
						TestTargetID = E40001;
					};
				};
			};
			buildConfigurationList = E60001 /* Build configuration list for PBXProject "Flow" */;
			compatibilityVersion = "Xcode 14.0";
			developmentRegion = en;
			hasScannedForEncodings = 0;
			knownRegions = (
				en,
				Base,
			);
			mainGroup = E20001;
			productRefGroup = E20099 /* Products */;
			projectDirPath = "";
			projectRoot = "";
			targets = (
				E40001 /* Flow */,
				E40050 /* FlowTests */,
			);
		};
/* End PBXProject section */

/* Begin PBXResourcesBuildPhase section */
		E50002 /* Resources */ = {
			isa = PBXResourcesBuildPhase;
			buildActionMask = 2147483647;
			files = (
				E00015 /* Assets.xcassets in Resources */,
			);
			runOnlyForDeploymentPostprocessing = 0;
		};
		E50051 /* Resources */ = {
			isa = PBXResourcesBuildPhase;
			buildActionMask = 2147483647;
			files = (
			);
			runOnlyForDeploymentPostprocessing = 0;
		};
/* End PBXResourcesBuildPhase section */

/* Begin PBXSourcesBuildPhase section */
		E50001 /* Sources */ = {
			isa = PBXSourcesBuildPhase;
			buildActionMask = 2147483647;
			files = (
				E00001 /* FlowApp.swift in Sources */,
				E00002 /* TokyoNightColors.swift in Sources */,
				E00003 /* TerminalStyle.swift in Sources */,
				E00020 /* Theme.swift in Sources */,
				E00004 /* Routine.swift in Sources */,
				E00005 /* WorkoutSession.swift in Sources */,
				E00006 /* SetRating.swift in Sources */,
				E00043 /* CompletedWorkout.swift in Sources */,
				E00007 /* RoutineStore.swift in Sources */,
				E00044 /* StrengthHistoryStore.swift in Sources */,
				E00060 /* FlowCoachContext.swift in Sources */,
				E00061 /* FlowRoutinePatch.swift in Sources */,
				E00008 /* RoutineListView.swift in Sources */,
				E00062 /* CoachWorkflowSheet.swift in Sources */,
				E00009 /* WorkoutFlowView.swift in Sources */,
				E00010 /* ExerciseCardView.swift in Sources */,
				E00011 /* RestTimerView.swift in Sources */,
				E00012 /* WorkoutSummaryView.swift in Sources */,
				E00045 /* WorkoutHistoryView.swift in Sources */,
				E00013 /* RoutineEditorView.swift in Sources */,
				E00014 /* ExerciseEditorView.swift in Sources */,
				E00016 /* RoutineOverviewSheet.swift in Sources */,
				E00030 /* Run.swift in Sources */,
				E00031 /* RunMetrics.swift in Sources */,
				E00032 /* AppSettings.swift in Sources */,
				E00033 /* HealthKitService.swift in Sources */,
				E00034 /* RouteCache.swift in Sources */,
				E00035 /* SyncCoordinator.swift in Sources */,
				E00037 /* RoutePolylineThumbnailView.swift in Sources */,
				E00038 /* RunDetailView.swift in Sources */,
				E00039 /* RunListView.swift in Sources */,
				E00040 /* RunRowView.swift in Sources */,
				E00041 /* HealthSyncView.swift in Sources */,
				E00042 /* SparklineView.swift in Sources */,
			);
			runOnlyForDeploymentPostprocessing = 0;
		};
		E50050 /* Sources */ = {
			isa = PBXSourcesBuildPhase;
			buildActionMask = 2147483647;
			files = (
				E00050 /* WorkoutSessionTests.swift in Sources */,
				E00051 /* RoutineStoreTests.swift in Sources */,
				E00052 /* RunMetricsTests.swift in Sources */,
				E00063 /* CoachWorkflowTests.swift in Sources */,
			);
			runOnlyForDeploymentPostprocessing = 0;
		};
/* End PBXSourcesBuildPhase section */

/* Begin PBXTargetDependency section */
		E80051 /* PBXTargetDependency */ = {
			isa = PBXTargetDependency;
			target = E40001 /* Flow */;
			targetProxy = E80050 /* PBXContainerItemProxy */;
		};
/* End PBXTargetDependency section */

/* Begin XCBuildConfiguration section */
		E70001 /* Debug */ = {
			isa = XCBuildConfiguration;
			buildSettings = {
				ALWAYS_SEARCH_USER_PATHS = NO;
				ASSETCATALOG_COMPILER_GENERATE_SWIFT_ASSET_SYMBOL_EXTENSIONS = YES;
				CLANG_ANALYZER_NONNULL = YES;
				CLANG_ANALYZER_NUMBER_OBJECT_CONVERSION = YES_AGGRESSIVE;
				CLANG_CXX_LANGUAGE_STANDARD = "gnu++20";
				CLANG_ENABLE_MODULES = YES;
				CLANG_ENABLE_OBJC_ARC = YES;
				CLANG_ENABLE_OBJC_WEAK = YES;
				CLANG_WARN_BLOCK_CAPTURE_AUTORELEASING = YES;
				CLANG_WARN_BOOL_CONVERSION = YES;
				CLANG_WARN_COMMA = YES;
				CLANG_WARN_CONSTANT_CONVERSION = YES;
				CLANG_WARN_DEPRECATED_OBJC_IMPLEMENTATIONS = YES;
				CLANG_WARN_DIRECT_OBJC_ISA_USAGE = YES_ERROR;
				CLANG_WARN_DOCUMENTATION_COMMENTS = YES;
				CLANG_WARN_EMPTY_BODY = YES;
				CLANG_WARN_ENUM_CONVERSION = YES;
				CLANG_WARN_INFINITE_RECURSION = YES;
				CLANG_WARN_INT_CONVERSION = YES;
				CLANG_WARN_NON_LITERAL_NULL_CONVERSION = YES;
				CLANG_WARN_OBJC_IMPLICIT_RETAIN_SELF = YES;
				CLANG_WARN_OBJC_LITERAL_CONVERSION = YES;
				CLANG_WARN_OBJC_ROOT_CLASS = YES_ERROR;
				CLANG_WARN_QUOTED_INCLUDE_IN_FRAMEWORK_HEADER = YES;
				CLANG_WARN_RANGE_LOOP_ANALYSIS = YES;
				CLANG_WARN_STRICT_PROTOTYPES = YES;
				CLANG_WARN_SUSPICIOUS_MOVE = YES;
				CLANG_WARN_UNGUARDED_AVAILABILITY = YES_AGGRESSIVE;
				CLANG_WARN_UNREACHABLE_CODE = YES;
				CLANG_WARN__DUPLICATE_METHOD_MATCH = YES;
				COPY_PHASE_STRIP = NO;
				DEBUG_INFORMATION_FORMAT = dwarf;
				ENABLE_STRICT_OBJC_MSGSEND = YES;
				ENABLE_TESTABILITY = YES;
				ENABLE_USER_SCRIPT_SANDBOXING = YES;
				GCC_C_LANGUAGE_STANDARD = gnu17;
				GCC_DYNAMIC_NO_PIC = NO;
				GCC_NO_COMMON_BLOCKS = YES;
				GCC_OPTIMIZATION_LEVEL = 0;
				GCC_PREPROCESSOR_DEFINITIONS = (
					"DEBUG=1",
					"$(inherited)",
				);
				GCC_WARN_64_TO_32_BIT_CONVERSION = YES;
				GCC_WARN_ABOUT_RETURN_TYPE = YES_ERROR;
				GCC_WARN_UNDECLARED_SELECTOR = YES;
				GCC_WARN_UNINITIALIZED_AUTOS = YES_AGGRESSIVE;
				GCC_WARN_UNUSED_FUNCTION = YES;
				GCC_WARN_UNUSED_VARIABLE = YES;
				IPHONEOS_DEPLOYMENT_TARGET = 26.0;
				MTL_ENABLE_DEBUG_INFO = INCLUDE_SOURCE;
				MTL_FAST_MATH = YES;
				ONLY_ACTIVE_ARCH = YES;
				SDKROOT = iphoneos;
				SWIFT_ACTIVE_COMPILATION_CONDITIONS = "DEBUG $(inherited)";
				SWIFT_OPTIMIZATION_LEVEL = "-Onone";
			};
			name = Debug;
		};
		E70002 /* Release */ = {
			isa = XCBuildConfiguration;
			buildSettings = {
				ALWAYS_SEARCH_USER_PATHS = NO;
				ASSETCATALOG_COMPILER_GENERATE_SWIFT_ASSET_SYMBOL_EXTENSIONS = YES;
				CLANG_ANALYZER_NONNULL = YES;
				CLANG_ANALYZER_NUMBER_OBJECT_CONVERSION = YES_AGGRESSIVE;
				CLANG_CXX_LANGUAGE_STANDARD = "gnu++20";
				CLANG_ENABLE_MODULES = YES;
				CLANG_ENABLE_OBJC_ARC = YES;
				CLANG_ENABLE_OBJC_WEAK = YES;
				CLANG_WARN_BLOCK_CAPTURE_AUTORELEASING = YES;
				CLANG_WARN_BOOL_CONVERSION = YES;
				CLANG_WARN_COMMA = YES;
				CLANG_WARN_CONSTANT_CONVERSION = YES;
				CLANG_WARN_DEPRECATED_OBJC_IMPLEMENTATIONS = YES;
				CLANG_WARN_DIRECT_OBJC_ISA_USAGE = YES_ERROR;
				CLANG_WARN_DOCUMENTATION_COMMENTS = YES;
				CLANG_WARN_EMPTY_BODY = YES;
				CLANG_WARN_ENUM_CONVERSION = YES;
				CLANG_WARN_INFINITE_RECURSION = YES;
				CLANG_WARN_INT_CONVERSION = YES;
				CLANG_WARN_NON_LITERAL_NULL_CONVERSION = YES;
				CLANG_WARN_OBJC_IMPLICIT_RETAIN_SELF = YES;
				CLANG_WARN_OBJC_LITERAL_CONVERSION = YES;
				CLANG_WARN_OBJC_ROOT_CLASS = YES_ERROR;
				CLANG_WARN_QUOTED_INCLUDE_IN_FRAMEWORK_HEADER = YES;
				CLANG_WARN_RANGE_LOOP_ANALYSIS = YES;
				CLANG_WARN_STRICT_PROTOTYPES = YES;
				CLANG_WARN_SUSPICIOUS_MOVE = YES;
				CLANG_WARN_UNGUARDED_AVAILABILITY = YES_AGGRESSIVE;
				CLANG_WARN_UNREACHABLE_CODE = YES;
				CLANG_WARN__DUPLICATE_METHOD_MATCH = YES;
				COPY_PHASE_STRIP = NO;
				DEBUG_INFORMATION_FORMAT = "dwarf-with-dsym";
				ENABLE_NS_ASSERTIONS = NO;
				ENABLE_STRICT_OBJC_MSGSEND = YES;
				ENABLE_USER_SCRIPT_SANDBOXING = YES;
				GCC_C_LANGUAGE_STANDARD = gnu17;
				GCC_NO_COMMON_BLOCKS = YES;
				GCC_WARN_64_TO_32_BIT_CONVERSION = YES;
				GCC_WARN_ABOUT_RETURN_TYPE = YES_ERROR;
				GCC_WARN_UNDECLARED_SELECTOR = YES;
				GCC_WARN_UNINITIALIZED_AUTOS = YES_AGGRESSIVE;
				GCC_WARN_UNUSED_FUNCTION = YES;
				GCC_WARN_UNUSED_VARIABLE = YES;
				IPHONEOS_DEPLOYMENT_TARGET = 26.0;
				MTL_ENABLE_DEBUG_INFO = NO;
				MTL_FAST_MATH = YES;
				SDKROOT = iphoneos;
				SWIFT_COMPILATION_MODE = wholemodule;
				VALIDATE_PRODUCT = YES;
			};
			name = Release;
		};
		E70003 /* Debug */ = {
			isa = XCBuildConfiguration;
			buildSettings = {
				ASSETCATALOG_COMPILER_APPICON_NAME = AppIcon;
				ASSETCATALOG_COMPILER_GLOBAL_ACCENT_COLOR_NAME = AccentColor;
				CODE_SIGN_ENTITLEMENTS = Flow/Flow.entitlements;
				CODE_SIGN_STYLE = Automatic;
				CURRENT_PROJECT_VERSION = 1;
				DEVELOPMENT_TEAM = B4YXM5RCS4;
				GENERATE_INFOPLIST_FILE = YES;
				INFOPLIST_KEY_CFBundleDisplayName = Flow;
				INFOPLIST_KEY_NSHealthShareUsageDescription = "Flow reads your running and cycling workouts from Apple Health to display past workouts.";
				INFOPLIST_KEY_UIApplicationSceneManifest_Generation = YES;
				INFOPLIST_KEY_UIApplicationSupportsIndirectInputEvents = YES;
				INFOPLIST_KEY_UILaunchScreen_Generation = YES;
				INFOPLIST_KEY_UISupportedInterfaceOrientations = UIInterfaceOrientationPortrait;
				INFOPLIST_KEY_UISupportedInterfaceOrientations_iPad = "UIInterfaceOrientationPortrait UIInterfaceOrientationPortraitUpsideDown UIInterfaceOrientationLandscapeLeft UIInterfaceOrientationLandscapeRight";
				LD_RUNPATH_SEARCH_PATHS = (
					"$(inherited)",
					"@executable_path/Frameworks",
				);
				MARKETING_VERSION = 1.0;
				PRODUCT_BUNDLE_IDENTIFIER = com.alexomand.flow;
				PRODUCT_NAME = "$(TARGET_NAME)";
				SUPPORTED_PLATFORMS = "iphoneos iphonesimulator";
				SUPPORTS_MACCATALYST = NO;
				SWIFT_EMIT_LOC_STRINGS = YES;
				SWIFT_VERSION = 5.0;
				TARGETED_DEVICE_FAMILY = 1;
			};
			name = Debug;
		};
		E70004 /* Release */ = {
			isa = XCBuildConfiguration;
			buildSettings = {
				ASSETCATALOG_COMPILER_APPICON_NAME = AppIcon;
				ASSETCATALOG_COMPILER_GLOBAL_ACCENT_COLOR_NAME = AccentColor;
				CODE_SIGN_ENTITLEMENTS = Flow/Flow.entitlements;
				CODE_SIGN_STYLE = Automatic;
				CURRENT_PROJECT_VERSION = 1;
				DEVELOPMENT_TEAM = B4YXM5RCS4;
				GENERATE_INFOPLIST_FILE = YES;
				INFOPLIST_KEY_CFBundleDisplayName = Flow;
				INFOPLIST_KEY_NSHealthShareUsageDescription = "Flow reads your running and cycling workouts from Apple Health to display past workouts.";
				INFOPLIST_KEY_UIApplicationSceneManifest_Generation = YES;
				INFOPLIST_KEY_UIApplicationSupportsIndirectInputEvents = YES;
				INFOPLIST_KEY_UILaunchScreen_Generation = YES;
				INFOPLIST_KEY_UISupportedInterfaceOrientations = UIInterfaceOrientationPortrait;
				INFOPLIST_KEY_UISupportedInterfaceOrientations_iPad = "UIInterfaceOrientationPortrait UIInterfaceOrientationPortraitUpsideDown UIInterfaceOrientationLandscapeLeft UIInterfaceOrientationLandscapeRight";
				LD_RUNPATH_SEARCH_PATHS = (
					"$(inherited)",
					"@executable_path/Frameworks",
				);
				MARKETING_VERSION = 1.0;
				PRODUCT_BUNDLE_IDENTIFIER = com.alexomand.flow;
				PRODUCT_NAME = "$(TARGET_NAME)";
				SUPPORTED_PLATFORMS = "iphoneos iphonesimulator";
				SUPPORTS_MACCATALYST = NO;
				SWIFT_EMIT_LOC_STRINGS = YES;
				SWIFT_VERSION = 5.0;
				TARGETED_DEVICE_FAMILY = 1;
			};
			name = Release;
		};
		E70050 /* Debug */ = {
			isa = XCBuildConfiguration;
			buildSettings = {
				BUNDLE_LOADER = "$(TEST_HOST)";
				CODE_SIGN_STYLE = Automatic;
				CURRENT_PROJECT_VERSION = 1;
				DEVELOPMENT_TEAM = B4YXM5RCS4;
				GENERATE_INFOPLIST_FILE = YES;
				IPHONEOS_DEPLOYMENT_TARGET = 26.0;
				LD_RUNPATH_SEARCH_PATHS = (
					"$(inherited)",
					"@executable_path/Frameworks",
					"@loader_path/Frameworks",
				);
				MARKETING_VERSION = 1.0;
				PRODUCT_BUNDLE_IDENTIFIER = com.alexomand.flow.tests;
				PRODUCT_NAME = "$(TARGET_NAME)";
				SDKROOT = iphoneos;
				SUPPORTED_PLATFORMS = "iphoneos iphonesimulator";
				SWIFT_EMIT_LOC_STRINGS = NO;
				SWIFT_VERSION = 5.0;
				TARGETED_DEVICE_FAMILY = 1;
				TEST_HOST = "$(BUILT_PRODUCTS_DIR)/Flow.app/$(BUNDLE_EXECUTABLE_FOLDER_PATH)/Flow";
			};
			name = Debug;
		};
		E70051 /* Release */ = {
			isa = XCBuildConfiguration;
			buildSettings = {
				BUNDLE_LOADER = "$(TEST_HOST)";
				CODE_SIGN_STYLE = Automatic;
				CURRENT_PROJECT_VERSION = 1;
				DEVELOPMENT_TEAM = B4YXM5RCS4;
				GENERATE_INFOPLIST_FILE = YES;
				IPHONEOS_DEPLOYMENT_TARGET = 26.0;
				LD_RUNPATH_SEARCH_PATHS = (
					"$(inherited)",
					"@executable_path/Frameworks",
					"@loader_path/Frameworks",
				);
				MARKETING_VERSION = 1.0;
				PRODUCT_BUNDLE_IDENTIFIER = com.alexomand.flow.tests;
				PRODUCT_NAME = "$(TARGET_NAME)";
				SDKROOT = iphoneos;
				SUPPORTED_PLATFORMS = "iphoneos iphonesimulator";
				SWIFT_EMIT_LOC_STRINGS = NO;
				SWIFT_VERSION = 5.0;
				TARGETED_DEVICE_FAMILY = 1;
				TEST_HOST = "$(BUILT_PRODUCTS_DIR)/Flow.app/$(BUNDLE_EXECUTABLE_FOLDER_PATH)/Flow";
			};
			name = Release;
		};
/* End XCBuildConfiguration section */

/* Begin XCConfigurationList section */
		E60001 /* Build configuration list for PBXProject "Flow" */ = {
			isa = XCConfigurationList;
			buildConfigurations = (
				E70001 /* Debug */,
				E70002 /* Release */,
			);
			defaultConfigurationIsVisible = 0;
			defaultConfigurationName = Release;
		};
		E60002 /* Build configuration list for PBXNativeTarget "Flow" */ = {
			isa = XCConfigurationList;
			buildConfigurations = (
				E70003 /* Debug */,
				E70004 /* Release */,
			);
			defaultConfigurationIsVisible = 0;
			defaultConfigurationName = Release;
		};
		E60050 /* Build configuration list for PBXNativeTarget "FlowTests" */ = {
			isa = XCConfigurationList;
			buildConfigurations = (
				E70050 /* Debug */,
				E70051 /* Release */,
			);
			defaultConfigurationIsVisible = 0;
			defaultConfigurationName = Release;
		};
/* End XCConfigurationList section */
	};
	rootObject = E40099 /* Project object */;
}
